// !$*UTF8*$!
{
	archiveVersion = 1;
	classes = {
	};
	objectVersion = 56;
	objects = {

/* Begin PBXBuildFile section */
		9BDD1BB62A82E90900A34EFE /* SoundPlayer.swift in Sources */ = {isa = PBXBuildFile; fileRef = 9BDD1BB52A82E90900A34EFE /* SoundPlayer.swift */; };
		9BDD1BB82A82F36800A34EFE /* happybells.wav in Resources */ = {isa = PBXBuildFile; fileRef = 9BDD1BB72A82F36800A34EFE /* happybells.wav */; };
		9BDD1BBE2A84453800A34EFE /* Alarm.swift in Sources */ = {isa = PBXBuildFile; fileRef = 9BDD1BBD2A84453800A34EFE /* Alarm.swift */; };
		9BDD1BC02A85377700A34EFE /* defaultText.txt in Resources */ = {isa = PBXBuildFile; fileRef = 9BDD1BBF2A85377700A34EFE /* defaultText.txt */; };
		9BDD1BC22A85388B00A34EFE /* defaultAlarms.json in Resources */ = {isa = PBXBuildFile; fileRef = 9BDD1BC12A85388B00A34EFE /* defaultAlarms.json */; };
		9BDD1BC52A8598EA00A34EFE /* TimeString.swift in Sources */ = {isa = PBXBuildFile; fileRef = 9BDD1BC42A8598EA00A34EFE /* TimeString.swift */; };
		9BFFD98D2A7E9838004C864F /* AppDelegate.swift in Sources */ = {isa = PBXBuildFile; fileRef = 9BFFD98C2A7E9838004C864F /* AppDelegate.swift */; };
		9BFFD98F2A7E9838004C864F /* SceneDelegate.swift in Sources */ = {isa = PBXBuildFile; fileRef = 9BFFD98E2A7E9838004C864F /* SceneDelegate.swift */; };
		9BFFD9912A7E9838004C864F /* AlarmsViewController.swift in Sources */ = {isa = PBXBuildFile; fileRef = 9BFFD9902A7E9838004C864F /* AlarmsViewController.swift */; };
		9BFFD9942A7E9838004C864F /* Main.storyboard in Resources */ = {isa = PBXBuildFile; fileRef = 9BFFD9922A7E9838004C864F /* Main.storyboard */; };
		9BFFD9962A7E983A004C864F /* Assets.xcassets in Resources */ = {isa = PBXBuildFile; fileRef = 9BFFD9952A7E983A004C864F /* Assets.xcassets */; };
		9BFFD9992A7E983A004C864F /* LaunchScreen.storyboard in Resources */ = {isa = PBXBuildFile; fileRef = 9BFFD9972A7E983A004C864F /* LaunchScreen.storyboard */; };
		9BFFD9A12A7E9D6B004C864F /* AlarmsViewModel.swift in Sources */ = {isa = PBXBuildFile; fileRef = 9BFFD9A02A7E9D6B004C864F /* AlarmsViewModel.swift */; };
/* End PBXBuildFile section */

/* Begin PBXFileReference section */
		9BDD1BB52A82E90900A34EFE /* SoundPlayer.swift */ = {isa = PBXFileReference; lastKnownFileType = sourcecode.swift; path = SoundPlayer.swift; sourceTree = "<group>"; };
		9BDD1BB72A82F36800A34EFE /* happybells.wav */ = {isa = PBXFileReference; lastKnownFileType = audio.wav; path = happybells.wav; sourceTree = "<group>"; };
		9BDD1BBD2A84453800A34EFE /* Alarm.swift */ = {isa = PBXFileReference; lastKnownFileType = sourcecode.swift; path = Alarm.swift; sourceTree = "<group>"; };
		9BDD1BBF2A85377700A34EFE /* defaultText.txt */ = {isa = PBXFileReference; fileEncoding = 4; lastKnownFileType = text; path = defaultText.txt; sourceTree = "<group>"; };
		9BDD1BC12A85388B00A34EFE /* defaultAlarms.json */ = {isa = PBXFileReference; fileEncoding = 4; lastKnownFileType = text.json; path = defaultAlarms.json; sourceTree = "<group>"; };
		9BDD1BC42A8598EA00A34EFE /* TimeString.swift */ = {isa = PBXFileReference; lastKnownFileType = sourcecode.swift; path = TimeString.swift; sourceTree = "<group>"; };
		9BFFD9892A7E9838004C864F /* TradingAlarm.app */ = {isa = PBXFileReference; explicitFileType = wrapper.application; includeInIndex = 0; path = TradingAlarm.app; sourceTree = BUILT_PRODUCTS_DIR; };
		9BFFD98C2A7E9838004C864F /* AppDelegate.swift */ = {isa = PBXFileReference; lastKnownFileType = sourcecode.swift; path = AppDelegate.swift; sourceTree = "<group>"; };
		9BFFD98E2A7E9838004C864F /* SceneDelegate.swift */ = {isa = PBXFileReference; lastKnownFileType = sourcecode.swift; path = SceneDelegate.swift; sourceTree = "<group>"; };
		9BFFD9902A7E9838004C864F /* AlarmsViewController.swift */ = {isa = PBXFileReference; lastKnownFileType = sourcecode.swift; path = AlarmsViewController.swift; sourceTree = "<group>"; };
		9BFFD9932A7E9838004C864F /* Base */ = {isa = PBXFileReference; lastKnownFileType = file.storyboard; name = Base; path = Base.lproj/Main.storyboard; sourceTree = "<group>"; };
		9BFFD9952A7E983A004C864F /* Assets.xcassets */ = {isa = PBXFileReference; lastKnownFileType = folder.assetcatalog; path = Assets.xcassets; sourceTree = "<group>"; };
		9BFFD9982A7E983A004C864F /* Base */ = {isa = PBXFileReference; lastKnownFileType = file.storyboard; name = Base; path = Base.lproj/LaunchScreen.storyboard; sourceTree = "<group>"; };
		9BFFD99A2A7E983A004C864F /* Info.plist */ = {isa = PBXFileReference; lastKnownFileType = text.plist.xml; path = Info.plist; sourceTree = "<group>"; };
		9BFFD9A02A7E9D6B004C864F /* AlarmsViewModel.swift */ = {isa = PBXFileReference; lastKnownFileType = sourcecode.swift; path = AlarmsViewModel.swift; sourceTree = "<group>"; };
/* End PBXFileReference section */

/* Begin PBXFrameworksBuildPhase section */
		9BFFD9862A7E9838004C864F /* Frameworks */ = {
			isa = PBXFrameworksBuildPhase;
			buildActionMask = 2147483647;
			files = (
			);
			runOnlyForDeploymentPostprocessing = 0;
		};
/* End PBXFrameworksBuildPhase section */

/* Begin PBXGroup section */
		9BDD1BB92A82F58400A34EFE /* Sounds */ = {
			isa = PBXGroup;
			children = (
				9BDD1BB72A82F36800A34EFE /* happybells.wav */,
			);
			path = Sounds;
			sourceTree = "<group>";
		};
		9BDD1BBC2A84451B00A34EFE /* Data */ = {
			isa = PBXGroup;
			children = (
				9BDD1BBF2A85377700A34EFE /* defaultText.txt */,
				9BDD1BC12A85388B00A34EFE /* defaultAlarms.json */,
				9BDD1BC32A853CFD00A34EFE /* Models */,
			);
			path = Data;
			sourceTree = "<group>";
		};
		9BDD1BC32A853CFD00A34EFE /* Models */ = {
			isa = PBXGroup;
			children = (
				9BDD1BBD2A84453800A34EFE /* Alarm.swift */,
				9BDD1BC42A8598EA00A34EFE /* TimeString.swift */,
			);
			path = Models;
			sourceTree = "<group>";
		};
		9BE118612A8124FD0007D893 /* SupportingFiles */ = {
			isa = PBXGroup;
			children = (
				9BFFD9952A7E983A004C864F /* Assets.xcassets */,
				9BFFD98C2A7E9838004C864F /* AppDelegate.swift */,
				9BFFD98E2A7E9838004C864F /* SceneDelegate.swift */,
				9BFFD9972A7E983A004C864F /* LaunchScreen.storyboard */,
				9BFFD99A2A7E983A004C864F /* Info.plist */,
			);
			path = SupportingFiles;
			sourceTree = "<group>";
		};
		9BFFD9802A7E9838004C864F = {
			isa = PBXGroup;
			children = (
				9BFFD98B2A7E9838004C864F /* TradingAlarm */,
				9BFFD98A2A7E9838004C864F /* Products */,
			);
			sourceTree = "<group>";
		};
		9BFFD98A2A7E9838004C864F /* Products */ = {
			isa = PBXGroup;
			children = (
				9BFFD9892A7E9838004C864F /* TradingAlarm.app */,
			);
			name = Products;
			sourceTree = "<group>";
		};
		9BFFD98B2A7E9838004C864F /* TradingAlarm */ = {
			isa = PBXGroup;
			children = (
				9BDD1BBC2A84451B00A34EFE /* Data */,
				9BFFD9902A7E9838004C864F /* AlarmsViewController.swift */,
				9BFFD9922A7E9838004C864F /* Main.storyboard */,
				9BFFD9A02A7E9D6B004C864F /* AlarmsViewModel.swift */,
				9BDD1BB52A82E90900A34EFE /* SoundPlayer.swift */,
				9BDD1BB92A82F58400A34EFE /* Sounds */,
				9BE118612A8124FD0007D893 /* SupportingFiles */,
			);
			path = TradingAlarm;
			sourceTree = "<group>";
		};
/* End PBXGroup section */

/* Begin PBXNativeTarget section */
		9BFFD9882A7E9838004C864F /* TradingAlarm */ = {
			isa = PBXNativeTarget;
			buildConfigurationList = 9BFFD99D2A7E983A004C864F /* Build configuration list for PBXNativeTarget "TradingAlarm" */;
			buildPhases = (
				9BFFD9852A7E9838004C864F /* Sources */,
				9BFFD9862A7E9838004C864F /* Frameworks */,
				9BFFD9872A7E9838004C864F /* Resources */,
			);
			buildRules = (
			);
			dependencies = (
			);
			name = TradingAlarm;
			productName = TradingAlarm;
			productReference = 9BFFD9892A7E9838004C864F /* TradingAlarm.app */;
			productType = "com.apple.product-type.application";
		};
/* End PBXNativeTarget section */

/* Begin PBXProject section */
		9BFFD9812A7E9838004C864F /* Project object */ = {
			isa = PBXProject;
			attributes = {
				BuildIndependentTargetsInParallel = 1;
				LastSwiftUpdateCheck = 1420;
				LastUpgradeCheck = 1420;
				TargetAttributes = {
					9BFFD9882A7E9838004C864F = {
						CreatedOnToolsVersion = 14.2;
					};
				};
			};
			buildConfigurationList = 9BFFD9842A7E9838004C864F /* Build configuration list for PBXProject "TradingAlarm" */;
			compatibilityVersion = "Xcode 14.0";
			developmentRegion = en;
			hasScannedForEncodings = 0;
			knownRegions = (
				en,
				Base,
			);
			mainGroup = 9BFFD9802A7E9838004C864F;
			productRefGroup = 9BFFD98A2A7E9838004C864F /* Products */;
			projectDirPath = "";
			projectRoot = "";
			targets = (
				9BFFD9882A7E9838004C864F /* TradingAlarm */,
			);
		};
/* End PBXProject section */

/* Begin PBXResourcesBuildPhase section */
		9BFFD9872A7E9838004C864F /* Resources */ = {
			isa = PBXResourcesBuildPhase;
			buildActionMask = 2147483647;
			files = (
				9BFFD9992A7E983A004C864F /* LaunchScreen.storyboard in Resources */,
				9BFFD9962A7E983A004C864F /* Assets.xcassets in Resources */,
				9BDD1BB82A82F36800A34EFE /* happybells.wav in Resources */,
				9BDD1BC22A85388B00A34EFE /* defaultAlarms.json in Resources */,
				9BDD1BC02A85377700A34EFE /* defaultText.txt in Resources */,
				9BFFD9942A7E9838004C864F /* Main.storyboard in Resources */,
			);
			runOnlyForDeploymentPostprocessing = 0;
		};
/* End PBXResourcesBuildPhase section */

/* Begin PBXSourcesBuildPhase section */
		9BFFD9852A7E9838004C864F /* Sources */ = {
			isa = PBXSourcesBuildPhase;
			buildActionMask = 2147483647;
			files = (
				9BDD1BB62A82E90900A34EFE /* SoundPlayer.swift in Sources */,
				9BFFD9912A7E9838004C864F /* AlarmsViewController.swift in Sources */,
				9BFFD98D2A7E9838004C864F /* AppDelegate.swift in Sources */,
				9BFFD98F2A7E9838004C864F /* SceneDelegate.swift in Sources */,
				9BDD1BBE2A84453800A34EFE /* Alarm.swift in Sources */,
				9BDD1BC52A8598EA00A34EFE /* TimeString.swift in Sources */,
				9BFFD9A12A7E9D6B004C864F /* AlarmsViewModel.swift in Sources */,
			);
			runOnlyForDeploymentPostprocessing = 0;
		};
/* End PBXSourcesBuildPhase section */

/* Begin PBXVariantGroup section */
		9BFFD9922A7E9838004C864F /* Main.storyboard */ = {
			isa = PBXVariantGroup;
			children = (
				9BFFD9932A7E9838004C864F /* Base */,
			);
			name = Main.storyboard;
			sourceTree = "<group>";
		};
		9BFFD9972A7E983A004C864F /* LaunchScreen.storyboard */ = {
			isa = PBXVariantGroup;
			children = (
				9BFFD9982A7E983A004C864F /* Base */,
			);
			name = LaunchScreen.storyboard;
			sourceTree = "<group>";
		};
/* End PBXVariantGroup section */

/* Begin XCBuildConfiguration section */
		9BFFD99B2A7E983A004C864F /* Debug */ = {
			isa = XCBuildConfiguration;
			buildSettings = {
				ALWAYS_SEARCH_USER_PATHS = NO;
				CLANG_ANALYZER_NONNULL = YES;
				CLANG_ANALYZER_NUMBER_OBJECT_CONVERSION = YES_AGGRESSIVE;
				CLANG_CXX_LANGUAGE_STANDARD = "gnu++20";
				CLANG_ENABLE_MODULES = YES;
				CLANG_ENABLE_OBJC_ARC = YES;
				CLANG_ENABLE_OBJC_WEAK = YES;
				CLANG_WARN_BLOCK_CAPTURE_AUTORELEASING = YES;
				CLANG_WARN_BOOL_CONVERSION = YES;
				CLANG_WARN_COMMA = YES;
				CLANG_WARN_CONSTANT_CONVERSION = YES;
				CLANG_WARN_DEPRECATED_OBJC_IMPLEMENTATIONS = YES;
				CLANG_WARN_DIRECT_OBJC_ISA_USAGE = YES_ERROR;
				CLANG_WARN_DOCUMENTATION_COMMENTS = YES;
				CLANG_WARN_EMPTY_BODY = YES;
				CLANG_WARN_ENUM_CONVERSION = YES;
				CLANG_WARN_INFINITE_RECURSION = YES;
				CLANG_WARN_INT_CONVERSION = YES;
				CLANG_WARN_NON_LITERAL_NULL_CONVERSION = YES;
				CLANG_WARN_OBJC_IMPLICIT_RETAIN_SELF = YES;
				CLANG_WARN_OBJC_LITERAL_CONVERSION = YES;
				CLANG_WARN_OBJC_ROOT_CLASS = YES_ERROR;
				CLANG_WARN_QUOTED_INCLUDE_IN_FRAMEWORK_HEADER = YES;
				CLANG_WARN_RANGE_LOOP_ANALYSIS = YES;
				CLANG_WARN_STRICT_PROTOTYPES = YES;
				CLANG_WARN_SUSPICIOUS_MOVE = YES;
				CLANG_WARN_UNGUARDED_AVAILABILITY = YES_AGGRESSIVE;
				CLANG_WARN_UNREACHABLE_CODE = YES;
				CLANG_WARN__DUPLICATE_METHOD_MATCH = YES;
				COPY_PHASE_STRIP = NO;
				DEBUG_INFORMATION_FORMAT = dwarf;
				ENABLE_STRICT_OBJC_MSGSEND = YES;
				ENABLE_TESTABILITY = YES;
				GCC_C_LANGUAGE_STANDARD = gnu11;
				GCC_DYNAMIC_NO_PIC = NO;
				GCC_NO_COMMON_BLOCKS = YES;
				GCC_OPTIMIZATION_LEVEL = 0;
				GCC_PREPROCESSOR_DEFINITIONS = (
					"DEBUG=1",
					"$(inherited)",
				);
				GCC_WARN_64_TO_32_BIT_CONVERSION = YES;
				GCC_WARN_ABOUT_RETURN_TYPE = YES_ERROR;
				GCC_WARN_UNDECLARED_SELECTOR = YES;
				GCC_WARN_UNINITIALIZED_AUTOS = YES_AGGRESSIVE;
				GCC_WARN_UNUSED_FUNCTION = YES;
				GCC_WARN_UNUSED_VARIABLE = YES;
				IPHONEOS_DEPLOYMENT_TARGET = 16.2;
				MTL_ENABLE_DEBUG_INFO = INCLUDE_SOURCE;
				MTL_FAST_MATH = YES;
				ONLY_ACTIVE_ARCH = YES;
				SDKROOT = iphoneos;
				SWIFT_ACTIVE_COMPILATION_CONDITIONS = DEBUG;
				SWIFT_OPTIMIZATION_LEVEL = "-Onone";
			};
			name = Debug;
		};
		9BFFD99C2A7E983A004C864F /* Release */ = {
			isa = XCBuildConfiguration;
			buildSettings = {
				ALWAYS_SEARCH_USER_PATHS = NO;
				CLANG_ANALYZER_NONNULL = YES;
				CLANG_ANALYZER_NUMBER_OBJECT_CONVERSION = YES_AGGRESSIVE;
				CLANG_CXX_LANGUAGE_STANDARD = "gnu++20";
				CLANG_ENABLE_MODULES = YES;
				CLANG_ENABLE_OBJC_ARC = YES;
				CLANG_ENABLE_OBJC_WEAK = YES;
				CLANG_WARN_BLOCK_CAPTURE_AUTORELEASING = YES;
				CLANG_WARN_BOOL_CONVERSION = YES;
				CLANG_WARN_COMMA = YES;
				CLANG_WARN_CONSTANT_CONVERSION = YES;
				CLANG_WARN_DEPRECATED_OBJC_IMPLEMENTATIONS = YES;
				CLANG_WARN_DIRECT_OBJC_ISA_USAGE = YES_ERROR;
				CLANG_WARN_DOCUMENTATION_COMMENTS = YES;
				CLANG_WARN_EMPTY_BODY = YES;
				CLANG_WARN_ENUM_CONVERSION = YES;
				CLANG_WARN_INFINITE_RECURSION = YES;
				CLANG_WARN_INT_CONVERSION = YES;
				CLANG_WARN_NON_LITERAL_NULL_CONVERSION = YES;
				CLANG_WARN_OBJC_IMPLICIT_RETAIN_SELF = YES;
				CLANG_WARN_OBJC_LITERAL_CONVERSION = YES;
				CLANG_WARN_OBJC_ROOT_CLASS = YES_ERROR;
				CLANG_WARN_QUOTED_INCLUDE_IN_FRAMEWORK_HEADER = YES;
				CLANG_WARN_RANGE_LOOP_ANALYSIS = YES;
				CLANG_WARN_STRICT_PROTOTYPES = YES;
				CLANG_WARN_SUSPICIOUS_MOVE = YES;
				CLANG_WARN_UNGUARDED_AVAILABILITY = YES_AGGRESSIVE;
				CLANG_WARN_UNREACHABLE_CODE = YES;
				CLANG_WARN__DUPLICATE_METHOD_MATCH = YES;
				COPY_PHASE_STRIP = NO;
				DEBUG_INFORMATION_FORMAT = "dwarf-with-dsym";
				ENABLE_NS_ASSERTIONS = NO;
				ENABLE_STRICT_OBJC_MSGSEND = YES;
				GCC_C_LANGUAGE_STANDARD = gnu11;
				GCC_NO_COMMON_BLOCKS = YES;
				GCC_WARN_64_TO_32_BIT_CONVERSION = YES;
				GCC_WARN_ABOUT_RETURN_TYPE = YES_ERROR;
				GCC_WARN_UNDECLARED_SELECTOR = YES;
				GCC_WARN_UNINITIALIZED_AUTOS = YES_AGGRESSIVE;
				GCC_WARN_UNUSED_FUNCTION = YES;
				GCC_WARN_UNUSED_VARIABLE = YES;
				IPHONEOS_DEPLOYMENT_TARGET = 16.2;
				MTL_ENABLE_DEBUG_INFO = NO;
				MTL_FAST_MATH = YES;
				SDKROOT = iphoneos;
				SWIFT_COMPILATION_MODE = wholemodule;
				SWIFT_OPTIMIZATION_LEVEL = "-O";
				VALIDATE_PRODUCT = YES;
			};
			name = Release;
		};
		9BFFD99E2A7E983A004C864F /* Debug */ = {
			isa = XCBuildConfiguration;
			buildSettings = {
				ASSETCATALOG_COMPILER_APPICON_NAME = AppIcon;
				ASSETCATALOG_COMPILER_GLOBAL_ACCENT_COLOR_NAME = AccentColor;
				CODE_SIGN_STYLE = Automatic;
				CURRENT_PROJECT_VERSION = 1;
				DEVELOPMENT_TEAM = A489R7NNL3;
				GENERATE_INFOPLIST_FILE = YES;
				INFOPLIST_FILE = TradingAlarm/SupportingFiles/Info.plist;
				INFOPLIST_KEY_UIApplicationSupportsIndirectInputEvents = YES;
				INFOPLIST_KEY_UILaunchStoryboardName = LaunchScreen;
				INFOPLIST_KEY_UIMainStoryboardFile = Main;
				INFOPLIST_KEY_UISupportedInterfaceOrientations_iPad = "UIInterfaceOrientationPortrait UIInterfaceOrientationPortraitUpsideDown UIInterfaceOrientationLandscapeLeft UIInterfaceOrientationLandscapeRight";
				INFOPLIST_KEY_UISupportedInterfaceOrientations_iPhone = "UIInterfaceOrientationPortrait UIInterfaceOrientationLandscapeLeft UIInterfaceOrientationLandscapeRight";
				LD_RUNPATH_SEARCH_PATHS = (
					"$(inherited)",
					"@executable_path/Frameworks",
				);
				MARKETING_VERSION = 1.0;
				PRODUCT_BUNDLE_IDENTIFIER = com.jti.TradingAlarm;
				PRODUCT_NAME = "$(TARGET_NAME)";
				SWIFT_EMIT_LOC_STRINGS = YES;
				SWIFT_VERSION = 5.0;
				TARGETED_DEVICE_FAMILY = "1,2";
			};
			name = Debug;
		};
		9BFFD99F2A7E983A004C864F /* Release */ = {
			isa = XCBuildConfiguration;
			buildSettings = {
				ASSETCATALOG_COMPILER_APPICON_NAME = AppIcon;
				ASSETCATALOG_COMPILER_GLOBAL_ACCENT_COLOR_NAME = AccentColor;
				CODE_SIGN_STYLE = Automatic;
				CURRENT_PROJECT_VERSION = 1;
				DEVELOPMENT_TEAM = A489R7NNL3;
				GENERATE_INFOPLIST_FILE = YES;
				INFOPLIST_FILE = TradingAlarm/SupportingFiles/Info.plist;
				INFOPLIST_KEY_UIApplicationSupportsIndirectInputEvents = YES;
				INFOPLIST_KEY_UILaunchStoryboardName = LaunchScreen;
				INFOPLIST_KEY_UIMainStoryboardFile = Main;
				INFOPLIST_KEY_UISupportedInterfaceOrientations_iPad = "UIInterfaceOrientationPortrait UIInterfaceOrientationPortraitUpsideDown UIInterfaceOrientationLandscapeLeft UIInterfaceOrientationLandscapeRight";
				INFOPLIST_KEY_UISupportedInterfaceOrientations_iPhone = "UIInterfaceOrientationPortrait UIInterfaceOrientationLandscapeLeft UIInterfaceOrientationLandscapeRight";
				LD_RUNPATH_SEARCH_PATHS = (
					"$(inherited)",
					"@executable_path/Frameworks",
				);
				MARKETING_VERSION = 1.0;
				PRODUCT_BUNDLE_IDENTIFIER = com.jti.TradingAlarm;
				PRODUCT_NAME = "$(TARGET_NAME)";
				SWIFT_EMIT_LOC_STRINGS = YES;
				SWIFT_VERSION = 5.0;
				TARGETED_DEVICE_FAMILY = "1,2";
			};
			name = Release;
		};
/* End XCBuildConfiguration section */

/* Begin XCConfigurationList section */
		9BFFD9842A7E9838004C864F /* Build configuration list for PBXProject "TradingAlarm" */ = {
			isa = XCConfigurationList;
			buildConfigurations = (
				9BFFD99B2A7E983A004C864F /* Debug */,
				9BFFD99C2A7E983A004C864F /* Release */,
			);
			defaultConfigurationIsVisible = 0;
			defaultConfigurationName = Release;
		};
		9BFFD99D2A7E983A004C864F /* Build configuration list for PBXNativeTarget "TradingAlarm" */ = {
			isa = XCConfigurationList;
			buildConfigurations = (
				9BFFD99E2A7E983A004C864F /* Debug */,
				9BFFD99F2A7E983A004C864F /* Release */,
			);
			defaultConfigurationIsVisible = 0;
			defaultConfigurationName = Release;
		};
/* End XCConfigurationList section */
	};
	rootObject = 9BFFD9812A7E9838004C864F /* Project object */;
}
