// !$*UTF8*$!
{
	archiveVersion = 1;
	classes = {
	};
	objectVersion = 56;
	objects = {

/* Begin PBXBuildFile section */
		9B0D36DC2AD4B65F003C258C /* AddAlarmViewController.swift in Sources */ = {isa = PBXBuildFile; fileRef = 9B0D36DB2AD4B65F003C258C /* AddAlarmViewController.swift */; };
		9B1C45702ABDD66700DFE452 /* AlarmSettingsViewController.swift in Sources */ = {isa = PBXBuildFile; fileRef = 9B1C456F2ABDD66700DFE452 /* AlarmSettingsViewController.swift */; };
		9B1C45732ABDD6BF00DFE452 /* AlarmSettingsViewModel.swift in Sources */ = {isa = PBXBuildFile; fileRef = 9B1C45722ABDD6BF00DFE452 /* AlarmSettingsViewModel.swift */; };
		9B2031CB2ACF7B960074C962 /* AppServices.swift in Sources */ = {isa = PBXBuildFile; fileRef = 9B2031CA2ACF7B960074C962 /* AppServices.swift */; };
		9B2031CD2ACF7CC80074C962 /* AtomicDictionary.swift in Sources */ = {isa = PBXBuildFile; fileRef = 9B2031CC2ACF7CC80074C962 /* AtomicDictionary.swift */; };
		9B2031CF2ACF8B450074C962 /* Injection.swift in Sources */ = {isa = PBXBuildFile; fileRef = 9B2031CE2ACF8B440074C962 /* Injection.swift */; };
		9B2031D42AD05E240074C962 /* AppLifecycleManager.swift in Sources */ = {isa = PBXBuildFile; fileRef = 9B2031D22AD05E240074C962 /* AppLifecycleManager.swift */; };
		9B2031D62AD19C780074C962 /* DataManager+debugJSON.swift in Sources */ = {isa = PBXBuildFile; fileRef = 9B2031D52AD19C780074C962 /* DataManager+debugJSON.swift */; };
		9B2031D82AD19DB80074C962 /* AlarmResponder.swift in Sources */ = {isa = PBXBuildFile; fileRef = 9B2031D72AD19DB80074C962 /* AlarmResponder.swift */; };
		9B4C921C2ACCA55700E08231 /* TimeIntervalExtensions.swift in Sources */ = {isa = PBXBuildFile; fileRef = 9B4C921B2ACCA55700E08231 /* TimeIntervalExtensions.swift */; };
		9B5ECB392AC460910088E931 /* JSONDateAndTimeConversionsTests.swift in Sources */ = {isa = PBXBuildFile; fileRef = 9B5ECB382AC460910088E931 /* JSONDateAndTimeConversionsTests.swift */; };
		9B5ECB3B2AC6E60F0088E931 /* DatesAndTimeConversionTests.swift in Sources */ = {isa = PBXBuildFile; fileRef = 9B5ECB3A2AC6E60F0088E931 /* DatesAndTimeConversionTests.swift */; };
		9B5ECB3C2AC6F1BC0088E931 /* defaultNYAlarms.json in Resources */ = {isa = PBXBuildFile; fileRef = 9B5ECB372AC45D250088E931 /* defaultNYAlarms.json */; };
		9B5ECB3E2AC83D4B0088E931 /* TimeProvider.swift in Sources */ = {isa = PBXBuildFile; fileRef = 9B5ECB3D2AC83D4B0088E931 /* TimeProvider.swift */; };
		9B5ECB432ACB9B260088E931 /* AlarmScheduler.swift in Sources */ = {isa = PBXBuildFile; fileRef = 9B5ECB422ACB9B260088E931 /* AlarmScheduler.swift */; };
		9B9930362ABE229000B7665F /* AlarmSettingTableViewCell.swift in Sources */ = {isa = PBXBuildFile; fileRef = 9B9930352ABE229000B7665F /* AlarmSettingTableViewCell.swift */; };
		9BD013EC2A893D1000C35373 /* DateExtensions.swift in Sources */ = {isa = PBXBuildFile; fileRef = 9BD013EB2A893D1000C35373 /* DateExtensions.swift */; };
		9BD013EE2A8944BA00C35373 /* testAlarm.json in Resources */ = {isa = PBXBuildFile; fileRef = 9BD013ED2A89403200C35373 /* testAlarm.json */; };
		9BD014142A8FB4AE00C35373 /* StringExtensions.swift in Sources */ = {isa = PBXBuildFile; fileRef = 9BD014132A8FB4AE00C35373 /* StringExtensions.swift */; };
		9BDD1BB62A82E90900A34EFE /* SoundPlayer.swift in Sources */ = {isa = PBXBuildFile; fileRef = 9BDD1BB52A82E90900A34EFE /* SoundPlayer.swift */; };
		9BDD1BB82A82F36800A34EFE /* happybells.wav in Resources */ = {isa = PBXBuildFile; fileRef = 9BDD1BB72A82F36800A34EFE /* happybells.wav */; };
		9BDD1BBE2A84453800A34EFE /* Alarm.swift in Sources */ = {isa = PBXBuildFile; fileRef = 9BDD1BBD2A84453800A34EFE /* Alarm.swift */; };
		9BDD1BC22A85388B00A34EFE /* defaultUTCAlarms.json in Resources */ = {isa = PBXBuildFile; fileRef = 9BDD1BC12A85388B00A34EFE /* defaultUTCAlarms.json */; };
		9BDD1BC52A8598EA00A34EFE /* TimeString.swift in Sources */ = {isa = PBXBuildFile; fileRef = 9BDD1BC42A8598EA00A34EFE /* TimeString.swift */; };
		9BDD1BC72A86CE4600A34EFE /* DataManager.swift in Sources */ = {isa = PBXBuildFile; fileRef = 9BDD1BC62A86CE4600A34EFE /* DataManager.swift */; };
		9BDD1BCF2A86FCDE00A34EFE /* TradingAlarmTests.swift in Sources */ = {isa = PBXBuildFile; fileRef = 9BDD1BCE2A86FCDE00A34EFE /* TradingAlarmTests.swift */; };
		9BFFD98D2A7E9838004C864F /* AppDelegate.swift in Sources */ = {isa = PBXBuildFile; fileRef = 9BFFD98C2A7E9838004C864F /* AppDelegate.swift */; };
		9BFFD98F2A7E9838004C864F /* SceneDelegate.swift in Sources */ = {isa = PBXBuildFile; fileRef = 9BFFD98E2A7E9838004C864F /* SceneDelegate.swift */; };
		9BFFD9912A7E9838004C864F /* AlarmsViewController.swift in Sources */ = {isa = PBXBuildFile; fileRef = 9BFFD9902A7E9838004C864F /* AlarmsViewController.swift */; };
		9BFFD9942A7E9838004C864F /* Main.storyboard in Resources */ = {isa = PBXBuildFile; fileRef = 9BFFD9922A7E9838004C864F /* Main.storyboard */; };
		9BFFD9962A7E983A004C864F /* Assets.xcassets in Resources */ = {isa = PBXBuildFile; fileRef = 9BFFD9952A7E983A004C864F /* Assets.xcassets */; };
		9BFFD9992A7E983A004C864F /* LaunchScreen.storyboard in Resources */ = {isa = PBXBuildFile; fileRef = 9BFFD9972A7E983A004C864F /* LaunchScreen.storyboard */; };
/* End PBXBuildFile section */

/* Begin PBXContainerItemProxy section */
		9BDD1BD02A86FCDE00A34EFE /* PBXContainerItemProxy */ = {
			isa = PBXContainerItemProxy;
			containerPortal = 9BFFD9812A7E9838004C864F /* Project object */;
			proxyType = 1;
			remoteGlobalIDString = 9BFFD9882A7E9838004C864F;
			remoteInfo = TradingAlarm;
		};
/* End PBXContainerItemProxy section */

/* Begin PBXFileReference section */
		9B0D36DB2AD4B65F003C258C /* AddAlarmViewController.swift */ = {isa = PBXFileReference; lastKnownFileType = sourcecode.swift; path = AddAlarmViewController.swift; sourceTree = "<group>"; };
		9B1C456F2ABDD66700DFE452 /* AlarmSettingsViewController.swift */ = {isa = PBXFileReference; lastKnownFileType = sourcecode.swift; path = AlarmSettingsViewController.swift; sourceTree = "<group>"; };
		9B1C45722ABDD6BF00DFE452 /* AlarmSettingsViewModel.swift */ = {isa = PBXFileReference; lastKnownFileType = sourcecode.swift; path = AlarmSettingsViewModel.swift; sourceTree = "<group>"; };
		9B2031C82ACED2060074C962 /* TradingAlarm.entitlements */ = {isa = PBXFileReference; lastKnownFileType = text.plist.entitlements; path = TradingAlarm.entitlements; sourceTree = "<group>"; };
		9B2031CA2ACF7B960074C962 /* AppServices.swift */ = {isa = PBXFileReference; lastKnownFileType = sourcecode.swift; path = AppServices.swift; sourceTree = "<group>"; };
		9B2031CC2ACF7CC80074C962 /* AtomicDictionary.swift */ = {isa = PBXFileReference; fileEncoding = 4; lastKnownFileType = sourcecode.swift; path = AtomicDictionary.swift; sourceTree = "<group>"; };
		9B2031CE2ACF8B440074C962 /* Injection.swift */ = {isa = PBXFileReference; fileEncoding = 4; lastKnownFileType = sourcecode.swift; path = Injection.swift; sourceTree = "<group>"; };
		9B2031D22AD05E240074C962 /* AppLifecycleManager.swift */ = {isa = PBXFileReference; fileEncoding = 4; lastKnownFileType = sourcecode.swift; path = AppLifecycleManager.swift; sourceTree = "<group>"; };
		9B2031D52AD19C780074C962 /* DataManager+debugJSON.swift */ = {isa = PBXFileReference; lastKnownFileType = sourcecode.swift; path = "DataManager+debugJSON.swift"; sourceTree = "<group>"; };
		9B2031D72AD19DB80074C962 /* AlarmResponder.swift */ = {isa = PBXFileReference; lastKnownFileType = sourcecode.swift; path = AlarmResponder.swift; sourceTree = "<group>"; };
		9B4C921B2ACCA55700E08231 /* TimeIntervalExtensions.swift */ = {isa = PBXFileReference; lastKnownFileType = sourcecode.swift; path = TimeIntervalExtensions.swift; sourceTree = "<group>"; };
		9B5ECB372AC45D250088E931 /* defaultNYAlarms.json */ = {isa = PBXFileReference; lastKnownFileType = text.json; path = defaultNYAlarms.json; sourceTree = "<group>"; };
		9B5ECB382AC460910088E931 /* JSONDateAndTimeConversionsTests.swift */ = {isa = PBXFileReference; lastKnownFileType = sourcecode.swift; path = JSONDateAndTimeConversionsTests.swift; sourceTree = "<group>"; };
		9B5ECB3A2AC6E60F0088E931 /* DatesAndTimeConversionTests.swift */ = {isa = PBXFileReference; lastKnownFileType = sourcecode.swift; path = DatesAndTimeConversionTests.swift; sourceTree = "<group>"; };
		9B5ECB3D2AC83D4B0088E931 /* TimeProvider.swift */ = {isa = PBXFileReference; lastKnownFileType = sourcecode.swift; path = TimeProvider.swift; sourceTree = "<group>"; };
		9B5ECB422ACB9B260088E931 /* AlarmScheduler.swift */ = {isa = PBXFileReference; lastKnownFileType = sourcecode.swift; path = AlarmScheduler.swift; sourceTree = "<group>"; };
		9B9930352ABE229000B7665F /* AlarmSettingTableViewCell.swift */ = {isa = PBXFileReference; lastKnownFileType = sourcecode.swift; path = AlarmSettingTableViewCell.swift; sourceTree = "<group>"; };
		9BD013EB2A893D1000C35373 /* DateExtensions.swift */ = {isa = PBXFileReference; lastKnownFileType = sourcecode.swift; path = DateExtensions.swift; sourceTree = "<group>"; };
		9BD013ED2A89403200C35373 /* testAlarm.json */ = {isa = PBXFileReference; lastKnownFileType = text.json; path = testAlarm.json; sourceTree = "<group>"; };
		9BD014132A8FB4AE00C35373 /* StringExtensions.swift */ = {isa = PBXFileReference; lastKnownFileType = sourcecode.swift; path = StringExtensions.swift; sourceTree = "<group>"; };
		9BDD1BB52A82E90900A34EFE /* SoundPlayer.swift */ = {isa = PBXFileReference; lastKnownFileType = sourcecode.swift; path = SoundPlayer.swift; sourceTree = "<group>"; };
		9BDD1BB72A82F36800A34EFE /* happybells.wav */ = {isa = PBXFileReference; lastKnownFileType = audio.wav; path = happybells.wav; sourceTree = "<group>"; };
		9BDD1BBD2A84453800A34EFE /* Alarm.swift */ = {isa = PBXFileReference; lastKnownFileType = sourcecode.swift; path = Alarm.swift; sourceTree = "<group>"; };
		9BDD1BC12A85388B00A34EFE /* defaultUTCAlarms.json */ = {isa = PBXFileReference; fileEncoding = 4; lastKnownFileType = text.json; path = defaultUTCAlarms.json; sourceTree = "<group>"; };
		9BDD1BC42A8598EA00A34EFE /* TimeString.swift */ = {isa = PBXFileReference; lastKnownFileType = sourcecode.swift; path = TimeString.swift; sourceTree = "<group>"; };
		9BDD1BC62A86CE4600A34EFE /* DataManager.swift */ = {isa = PBXFileReference; lastKnownFileType = sourcecode.swift; path = DataManager.swift; sourceTree = "<group>"; };
		9BDD1BCC2A86FCDE00A34EFE /* TradingAlarmTests.xctest */ = {isa = PBXFileReference; explicitFileType = wrapper.cfbundle; includeInIndex = 0; path = TradingAlarmTests.xctest; sourceTree = BUILT_PRODUCTS_DIR; };
		9BDD1BCE2A86FCDE00A34EFE /* TradingAlarmTests.swift */ = {isa = PBXFileReference; lastKnownFileType = sourcecode.swift; path = TradingAlarmTests.swift; sourceTree = "<group>"; };
		9BFFD9892A7E9838004C864F /* TradingAlarm.app */ = {isa = PBXFileReference; explicitFileType = wrapper.application; includeInIndex = 0; path = TradingAlarm.app; sourceTree = BUILT_PRODUCTS_DIR; };
		9BFFD98C2A7E9838004C864F /* AppDelegate.swift */ = {isa = PBXFileReference; lastKnownFileType = sourcecode.swift; path = AppDelegate.swift; sourceTree = "<group>"; };
		9BFFD98E2A7E9838004C864F /* SceneDelegate.swift */ = {isa = PBXFileReference; lastKnownFileType = sourcecode.swift; path = SceneDelegate.swift; sourceTree = "<group>"; };
		9BFFD9902A7E9838004C864F /* AlarmsViewController.swift */ = {isa = PBXFileReference; lastKnownFileType = sourcecode.swift; path = AlarmsViewController.swift; sourceTree = "<group>"; };
		9BFFD9932A7E9838004C864F /* Base */ = {isa = PBXFileReference; lastKnownFileType = file.storyboard; name = Base; path = Base.lproj/Main.storyboard; sourceTree = "<group>"; };
		9BFFD9952A7E983A004C864F /* Assets.xcassets */ = {isa = PBXFileReference; lastKnownFileType = folder.assetcatalog; path = Assets.xcassets; sourceTree = "<group>"; };
		9BFFD9982A7E983A004C864F /* Base */ = {isa = PBXFileReference; lastKnownFileType = file.storyboard; name = Base; path = Base.lproj/LaunchScreen.storyboard; sourceTree = "<group>"; };
		9BFFD99A2A7E983A004C864F /* Info.plist */ = {isa = PBXFileReference; lastKnownFileType = text.plist.xml; path = Info.plist; sourceTree = "<group>"; };
/* End PBXFileReference section */

/* Begin PBXFrameworksBuildPhase section */
		9BDD1BC92A86FCDE00A34EFE /* Frameworks */ = {
			isa = PBXFrameworksBuildPhase;
			buildActionMask = 2147483647;
			files = (
			);
			runOnlyForDeploymentPostprocessing = 0;
		};
		9BFFD9862A7E9838004C864F /* Frameworks */ = {
			isa = PBXFrameworksBuildPhase;
			buildActionMask = 2147483647;
			files = (
			);
			runOnlyForDeploymentPostprocessing = 0;
		};
/* End PBXFrameworksBuildPhase section */

/* Begin PBXGroup section */
		9B0D36DA2AD4B63A003C258C /* Add Alarm */ = {
			isa = PBXGroup;
			children = (
				9B0D36DB2AD4B65F003C258C /* AddAlarmViewController.swift */,
			);
			path = "Add Alarm";
			sourceTree = "<group>";
		};
		9B0D36DD2AD4D5F3003C258C /* Displaying Settings */ = {
			isa = PBXGroup;
			children = (
				9B1C456F2ABDD66700DFE452 /* AlarmSettingsViewController.swift */,
				9B9930352ABE229000B7665F /* AlarmSettingTableViewCell.swift */,
				9B1C45722ABDD6BF00DFE452 /* AlarmSettingsViewModel.swift */,
			);
			path = "Displaying Settings";
			sourceTree = "<group>";
		};
		9B1C456C2ABDD61A00DFE452 /* Sections - ViewControllers */ = {
			isa = PBXGroup;
			children = (
				9B1C456D2ABDD62D00DFE452 /* Alerting Page */,
				9B1C456E2ABDD64000DFE452 /* Alert Settings */,
			);
			path = "Sections - ViewControllers";
			sourceTree = "<group>";
		};
		9B1C456D2ABDD62D00DFE452 /* Alerting Page */ = {
			isa = PBXGroup;
			children = (
				9BFFD9902A7E9838004C864F /* AlarmsViewController.swift */,
			);
			path = "Alerting Page";
			sourceTree = "<group>";
		};
		9B1C456E2ABDD64000DFE452 /* Alert Settings */ = {
			isa = PBXGroup;
			children = (
				9B0D36DA2AD4B63A003C258C /* Add Alarm */,
				9B0D36DD2AD4D5F3003C258C /* Displaying Settings */,
			);
			path = "Alert Settings";
			sourceTree = "<group>";
		};
		9B2031C92ACF54BD0074C962 /* Json Files */ = {
			isa = PBXGroup;
			children = (
				9BDD1BC12A85388B00A34EFE /* defaultUTCAlarms.json */,
				9B5ECB372AC45D250088E931 /* defaultNYAlarms.json */,
				9BD013ED2A89403200C35373 /* testAlarm.json */,
			);
			path = "Json Files";
			sourceTree = "<group>";
		};
		9BD013EA2A893CC700C35373 /* Extensions */ = {
			isa = PBXGroup;
			children = (
				9BD013EB2A893D1000C35373 /* DateExtensions.swift */,
				9BD014132A8FB4AE00C35373 /* StringExtensions.swift */,
				9B4C921B2ACCA55700E08231 /* TimeIntervalExtensions.swift */,
			);
			path = Extensions;
			sourceTree = "<group>";
		};
		9BDD1BB92A82F58400A34EFE /* Sounds */ = {
			isa = PBXGroup;
			children = (
				9BDD1BB72A82F36800A34EFE /* happybells.wav */,
			);
			path = Sounds;
			sourceTree = "<group>";
		};
		9BDD1BBC2A84451B00A34EFE /* Data */ = {
			isa = PBXGroup;
			children = (
				9B2031C92ACF54BD0074C962 /* Json Files */,
				9BDD1BC32A853CFD00A34EFE /* Models */,
			);
			path = Data;
			sourceTree = "<group>";
		};
		9BDD1BC32A853CFD00A34EFE /* Models */ = {
			isa = PBXGroup;
			children = (
				9BDD1BBD2A84453800A34EFE /* Alarm.swift */,
				9BDD1BC42A8598EA00A34EFE /* TimeString.swift */,
			);
			path = Models;
			sourceTree = "<group>";
		};
		9BDD1BCD2A86FCDE00A34EFE /* TradingAlarmTests */ = {
			isa = PBXGroup;
			children = (
				9BDD1BCE2A86FCDE00A34EFE /* TradingAlarmTests.swift */,
				9B5ECB382AC460910088E931 /* JSONDateAndTimeConversionsTests.swift */,
				9B5ECB3A2AC6E60F0088E931 /* DatesAndTimeConversionTests.swift */,
			);
			path = TradingAlarmTests;
			sourceTree = "<group>";
		};
		9BE118612A8124FD0007D893 /* SupportingFiles */ = {
			isa = PBXGroup;
			children = (
				9BFFD9952A7E983A004C864F /* Assets.xcassets */,
				9BFFD98C2A7E9838004C864F /* AppDelegate.swift */,
				9BFFD98E2A7E9838004C864F /* SceneDelegate.swift */,
				9BFFD9972A7E983A004C864F /* LaunchScreen.storyboard */,
				9BFFD99A2A7E983A004C864F /* Info.plist */,
			);
			path = SupportingFiles;
			sourceTree = "<group>";
		};
		9BFFD9802A7E9838004C864F = {
			isa = PBXGroup;
			children = (
				9BFFD98B2A7E9838004C864F /* TradingAlarm */,
				9BDD1BCD2A86FCDE00A34EFE /* TradingAlarmTests */,
				9BFFD98A2A7E9838004C864F /* Products */,
			);
			sourceTree = "<group>";
		};
		9BFFD98A2A7E9838004C864F /* Products */ = {
			isa = PBXGroup;
			children = (
				9BFFD9892A7E9838004C864F /* TradingAlarm.app */,
				9BDD1BCC2A86FCDE00A34EFE /* TradingAlarmTests.xctest */,
			);
			name = Products;
			sourceTree = "<group>";
		};
		9BFFD98B2A7E9838004C864F /* TradingAlarm */ = {
			isa = PBXGroup;
			children = (
				9B2031C82ACED2060074C962 /* TradingAlarm.entitlements */,
				9BDD1BBC2A84451B00A34EFE /* Data */,
				9B1C456C2ABDD61A00DFE452 /* Sections - ViewControllers */,
				9BD013EA2A893CC700C35373 /* Extensions */,
				9BDD1BB92A82F58400A34EFE /* Sounds */,
				9BE118612A8124FD0007D893 /* SupportingFiles */,
				9BFFD9922A7E9838004C864F /* Main.storyboard */,
				9B2031CA2ACF7B960074C962 /* AppServices.swift */,
				9B2031D22AD05E240074C962 /* AppLifecycleManager.swift */,
				9B5ECB422ACB9B260088E931 /* AlarmScheduler.swift */,
				9B2031D72AD19DB80074C962 /* AlarmResponder.swift */,
				9BDD1BC62A86CE4600A34EFE /* DataManager.swift */,
				9B2031D52AD19C780074C962 /* DataManager+debugJSON.swift */,
				9BDD1BB52A82E90900A34EFE /* SoundPlayer.swift */,
				9B2031CE2ACF8B440074C962 /* Injection.swift */,
				9B2031CC2ACF7CC80074C962 /* AtomicDictionary.swift */,
				9B5ECB3D2AC83D4B0088E931 /* TimeProvider.swift */,
			);
			path = TradingAlarm;
			sourceTree = "<group>";
		};
/* End PBXGroup section */

/* Begin PBXNativeTarget section */
		9BDD1BCB2A86FCDE00A34EFE /* TradingAlarmTests */ = {
			isa = PBXNativeTarget;
			buildConfigurationList = 9BDD1BD22A86FCDE00A34EFE /* Build configuration list for PBXNativeTarget "TradingAlarmTests" */;
			buildPhases = (
				9BDD1BC82A86FCDE00A34EFE /* Sources */,
				9BDD1BC92A86FCDE00A34EFE /* Frameworks */,
				9BDD1BCA2A86FCDE00A34EFE /* Resources */,
			);
			buildRules = (
			);
			dependencies = (
				9BDD1BD12A86FCDE00A34EFE /* PBXTargetDependency */,
			);
			name = TradingAlarmTests;
			productName = TradingAlarmTests;
			productReference = 9BDD1BCC2A86FCDE00A34EFE /* TradingAlarmTests.xctest */;
			productType = "com.apple.product-type.bundle.unit-test";
		};
		9BFFD9882A7E9838004C864F /* TradingAlarm */ = {
			isa = PBXNativeTarget;
			buildConfigurationList = 9BFFD99D2A7E983A004C864F /* Build configuration list for PBXNativeTarget "TradingAlarm" */;
			buildPhases = (
				9B2031DA2AD3FF440074C962 /* Build Number base on Git Commits */,
				9BFFD9852A7E9838004C864F /* Sources */,
				9BFFD9862A7E9838004C864F /* Frameworks */,
				9BFFD9872A7E9838004C864F /* Resources */,
			);
			buildRules = (
			);
			dependencies = (
			);
			name = TradingAlarm;
			productName = TradingAlarm;
			productReference = 9BFFD9892A7E9838004C864F /* TradingAlarm.app */;
			productType = "com.apple.product-type.application";
		};
/* End PBXNativeTarget section */

/* Begin PBXProject section */
		9BFFD9812A7E9838004C864F /* Project object */ = {
			isa = PBXProject;
			attributes = {
				BuildIndependentTargetsInParallel = 1;
				LastSwiftUpdateCheck = 1420;
				LastUpgradeCheck = 1420;
				TargetAttributes = {
					9BDD1BCB2A86FCDE00A34EFE = {
						CreatedOnToolsVersion = 14.2;
						TestTargetID = 9BFFD9882A7E9838004C864F;
					};
					9BFFD9882A7E9838004C864F = {
						CreatedOnToolsVersion = 14.2;
					};
				};
			};
			buildConfigurationList = 9BFFD9842A7E9838004C864F /* Build configuration list for PBXProject "TradingAlarm" */;
			compatibilityVersion = "Xcode 14.0";
			developmentRegion = en;
			hasScannedForEncodings = 0;
			knownRegions = (
				en,
				Base,
			);
			mainGroup = 9BFFD9802A7E9838004C864F;
			productRefGroup = 9BFFD98A2A7E9838004C864F /* Products */;
			projectDirPath = "";
			projectRoot = "";
			targets = (
				9BFFD9882A7E9838004C864F /* TradingAlarm */,
				9BDD1BCB2A86FCDE00A34EFE /* TradingAlarmTests */,
			);
		};
/* End PBXProject section */

/* Begin PBXResourcesBuildPhase section */
		9BDD1BCA2A86FCDE00A34EFE /* Resources */ = {
			isa = PBXResourcesBuildPhase;
			buildActionMask = 2147483647;
			files = (
			);
			runOnlyForDeploymentPostprocessing = 0;
		};
		9BFFD9872A7E9838004C864F /* Resources */ = {
			isa = PBXResourcesBuildPhase;
			buildActionMask = 2147483647;
			files = (
				9BFFD9992A7E983A004C864F /* LaunchScreen.storyboard in Resources */,
				9BD013EE2A8944BA00C35373 /* testAlarm.json in Resources */,
				9BFFD9962A7E983A004C864F /* Assets.xcassets in Resources */,
				9BDD1BB82A82F36800A34EFE /* happybells.wav in Resources */,
				9BDD1BC22A85388B00A34EFE /* defaultUTCAlarms.json in Resources */,
				9BFFD9942A7E9838004C864F /* Main.storyboard in Resources */,
				9B5ECB3C2AC6F1BC0088E931 /* defaultNYAlarms.json in Resources */,
			);
			runOnlyForDeploymentPostprocessing = 0;
		};
/* End PBXResourcesBuildPhase section */

/* Begin PBXShellScriptBuildPhase section */
		9B2031DA2AD3FF440074C962 /* Build Number base on Git Commits */ = {
			isa = PBXShellScriptBuildPhase;
			buildActionMask = 2147483647;
			files = (
			);
			inputFileListPaths = (
			);
			inputPaths = (
			);
			name = "Build Number base on Git Commits";
			outputFileListPaths = (
			);
			outputPaths = (
			);
			runOnlyForDeploymentPostprocessing = 0;
			shellPath = /bin/sh;
			shellScript = "#!/bin/bash\n\n# taken from blog post: http://www.mokacoding.com/blog/automatic-xcode-versioning-with-git/\n# Automatically sets version of target based on most recent tag in git\n# Automatically sets build number to number of commits\n#\n# Add script to build phase in xcode at the top of the chain named \"set build number\"\n# put this script in the root of the xcode project in a directory called scripts (good idea to version control this too)\n# call the script as $SRCROOT/scripts/set_build_number_by_git_commits.sh in xcode\n\ngit=$(sh /etc/profile; which git)\nnumber_of_commits=$(\"$git\" rev-list HEAD --count)\ngit_release_version=$(\"$git\" describe --tags --always --abbrev=0)\n\ntarget_plist=\"$TARGET_BUILD_DIR/$INFOPLIST_PATH\"\ndsym_plist=\"$DWARF_DSYM_FOLDER_PATH/$DWARF_DSYM_FILE_NAME/Contents/Info.plist\"\n\nfor plist in \"$target_plist\" \"$dsym_plist\"; do\n if [ -f \"$plist\" ]; then\n /usr/libexec/PlistBuddy -c \"Set :CFBundleVersion $number_of_commits\" \"$plist\"\n /usr/libexec/PlistBuddy -c \"Set :CFBundleShortVersionString ${git_release_version#*v}\" \"$plist\"\n fi\ndone\n";
		};
/* End PBXShellScriptBuildPhase section */

/* Begin PBXSourcesBuildPhase section */
		9BDD1BC82A86FCDE00A34EFE /* Sources */ = {
			isa = PBXSourcesBuildPhase;
			buildActionMask = 2147483647;
			files = (
				9B5ECB392AC460910088E931 /* JSONDateAndTimeConversionsTests.swift in Sources */,
				9B5ECB3B2AC6E60F0088E931 /* DatesAndTimeConversionTests.swift in Sources */,
				9BDD1BCF2A86FCDE00A34EFE /* TradingAlarmTests.swift in Sources */,
			);
			runOnlyForDeploymentPostprocessing = 0;
		};
		9BFFD9852A7E9838004C864F /* Sources */ = {
			isa = PBXSourcesBuildPhase;
			buildActionMask = 2147483647;
			files = (
				9BD013EC2A893D1000C35373 /* DateExtensions.swift in Sources */,
				9B2031CB2ACF7B960074C962 /* AppServices.swift in Sources */,
				9B0D36DC2AD4B65F003C258C /* AddAlarmViewController.swift in Sources */,
				9BDD1BB62A82E90900A34EFE /* SoundPlayer.swift in Sources */,
				9B2031D62AD19C780074C962 /* DataManager+debugJSON.swift in Sources */,
				9B9930362ABE229000B7665F /* AlarmSettingTableViewCell.swift in Sources */,
				9BDD1BC72A86CE4600A34EFE /* DataManager.swift in Sources */,
				9B2031CD2ACF7CC80074C962 /* AtomicDictionary.swift in Sources */,
				9BFFD9912A7E9838004C864F /* AlarmsViewController.swift in Sources */,
				9B1C45732ABDD6BF00DFE452 /* AlarmSettingsViewModel.swift in Sources */,
				9BFFD98D2A7E9838004C864F /* AppDelegate.swift in Sources */,
				9BFFD98F2A7E9838004C864F /* SceneDelegate.swift in Sources */,
				9B1C45702ABDD66700DFE452 /* AlarmSettingsViewController.swift in Sources */,
				9B2031D42AD05E240074C962 /* AppLifecycleManager.swift in Sources */,
				9BD014142A8FB4AE00C35373 /* StringExtensions.swift in Sources */,
				9BDD1BBE2A84453800A34EFE /* Alarm.swift in Sources */,
				9B4C921C2ACCA55700E08231 /* TimeIntervalExtensions.swift in Sources */,
				9BDD1BC52A8598EA00A34EFE /* TimeString.swift in Sources */,
				9B2031CF2ACF8B450074C962 /* Injection.swift in Sources */,
				9B2031D82AD19DB80074C962 /* AlarmResponder.swift in Sources */,
				9B5ECB3E2AC83D4B0088E931 /* TimeProvider.swift in Sources */,
				9B5ECB432ACB9B260088E931 /* AlarmScheduler.swift in Sources */,
			);
			runOnlyForDeploymentPostprocessing = 0;
		};
/* End PBXSourcesBuildPhase section */

/* Begin PBXTargetDependency section */
		9BDD1BD12A86FCDE00A34EFE /* PBXTargetDependency */ = {
			isa = PBXTargetDependency;
			target = 9BFFD9882A7E9838004C864F /* TradingAlarm */;
			targetProxy = 9BDD1BD02A86FCDE00A34EFE /* PBXContainerItemProxy */;
		};
/* End PBXTargetDependency section */

/* Begin PBXVariantGroup section */
		9BFFD9922A7E9838004C864F /* Main.storyboard */ = {
			isa = PBXVariantGroup;
			children = (
				9BFFD9932A7E9838004C864F /* Base */,
			);
			name = Main.storyboard;
			sourceTree = "<group>";
		};
		9BFFD9972A7E983A004C864F /* LaunchScreen.storyboard */ = {
			isa = PBXVariantGroup;
			children = (
				9BFFD9982A7E983A004C864F /* Base */,
			);
			name = LaunchScreen.storyboard;
			sourceTree = "<group>";
		};
/* End PBXVariantGroup section */

/* Begin XCBuildConfiguration section */
		9BDD1BD32A86FCDE00A34EFE /* Debug */ = {
			isa = XCBuildConfiguration;
			buildSettings = {
				BUNDLE_LOADER = "$(TEST_HOST)";
				CODE_SIGN_STYLE = Automatic;
				CURRENT_PROJECT_VERSION = 1;
				DEVELOPMENT_TEAM = A489R7NNL3;
				GENERATE_INFOPLIST_FILE = YES;
				MARKETING_VERSION = 1.0;
				PRODUCT_BUNDLE_IDENTIFIER = com.jti.TradingAlarmTests;
				PRODUCT_NAME = "$(TARGET_NAME)";
				SWIFT_EMIT_LOC_STRINGS = NO;
				SWIFT_VERSION = 5.0;
				TARGETED_DEVICE_FAMILY = "1,2";
				TEST_HOST = "$(BUILT_PRODUCTS_DIR)/TradingAlarm.app/$(BUNDLE_EXECUTABLE_FOLDER_PATH)/TradingAlarm";
			};
			name = Debug;
		};
		9BDD1BD42A86FCDE00A34EFE /* Release */ = {
			isa = XCBuildConfiguration;
			buildSettings = {
				BUNDLE_LOADER = "$(TEST_HOST)";
				CODE_SIGN_STYLE = Automatic;
				CURRENT_PROJECT_VERSION = 1;
				DEVELOPMENT_TEAM = A489R7NNL3;
				GENERATE_INFOPLIST_FILE = YES;
				MARKETING_VERSION = 1.0;
				PRODUCT_BUNDLE_IDENTIFIER = com.jti.TradingAlarmTests;
				PRODUCT_NAME = "$(TARGET_NAME)";
				SWIFT_EMIT_LOC_STRINGS = NO;
				SWIFT_VERSION = 5.0;
				TARGETED_DEVICE_FAMILY = "1,2";
				TEST_HOST = "$(BUILT_PRODUCTS_DIR)/TradingAlarm.app/$(BUNDLE_EXECUTABLE_FOLDER_PATH)/TradingAlarm";
			};
			name = Release;
		};
		9BFFD99B2A7E983A004C864F /* Debug */ = {
			isa = XCBuildConfiguration;
			buildSettings = {
				ALWAYS_SEARCH_USER_PATHS = NO;
				CLANG_ANALYZER_NONNULL = YES;
				CLANG_ANALYZER_NUMBER_OBJECT_CONVERSION = YES_AGGRESSIVE;
				CLANG_CXX_LANGUAGE_STANDARD = "gnu++20";
				CLANG_ENABLE_MODULES = YES;
				CLANG_ENABLE_OBJC_ARC = YES;
				CLANG_ENABLE_OBJC_WEAK = YES;
				CLANG_WARN_BLOCK_CAPTURE_AUTORELEASING = YES;
				CLANG_WARN_BOOL_CONVERSION = YES;
				CLANG_WARN_COMMA = YES;
				CLANG_WARN_CONSTANT_CONVERSION = YES;
				CLANG_WARN_DEPRECATED_OBJC_IMPLEMENTATIONS = YES;
				CLANG_WARN_DIRECT_OBJC_ISA_USAGE = YES_ERROR;
				CLANG_WARN_DOCUMENTATION_COMMENTS = YES;
				CLANG_WARN_EMPTY_BODY = YES;
				CLANG_WARN_ENUM_CONVERSION = YES;
				CLANG_WARN_INFINITE_RECURSION = YES;
				CLANG_WARN_INT_CONVERSION = YES;
				CLANG_WARN_NON_LITERAL_NULL_CONVERSION = YES;
				CLANG_WARN_OBJC_IMPLICIT_RETAIN_SELF = YES;
				CLANG_WARN_OBJC_LITERAL_CONVERSION = YES;
				CLANG_WARN_OBJC_ROOT_CLASS = YES_ERROR;
				CLANG_WARN_QUOTED_INCLUDE_IN_FRAMEWORK_HEADER = YES;
				CLANG_WARN_RANGE_LOOP_ANALYSIS = YES;
				CLANG_WARN_STRICT_PROTOTYPES = YES;
				CLANG_WARN_SUSPICIOUS_MOVE = YES;
				CLANG_WARN_UNGUARDED_AVAILABILITY = YES_AGGRESSIVE;
				CLANG_WARN_UNREACHABLE_CODE = YES;
				CLANG_WARN__DUPLICATE_METHOD_MATCH = YES;
				COPY_PHASE_STRIP = NO;
				DEBUG_INFORMATION_FORMAT = dwarf;
				ENABLE_STRICT_OBJC_MSGSEND = YES;
				ENABLE_TESTABILITY = YES;
				GCC_C_LANGUAGE_STANDARD = gnu11;
				GCC_DYNAMIC_NO_PIC = NO;
				GCC_NO_COMMON_BLOCKS = YES;
				GCC_OPTIMIZATION_LEVEL = 0;
				GCC_PREPROCESSOR_DEFINITIONS = (
					"DEBUG=1",
					"$(inherited)",
				);
				GCC_WARN_64_TO_32_BIT_CONVERSION = YES;
				GCC_WARN_ABOUT_RETURN_TYPE = YES_ERROR;
				GCC_WARN_UNDECLARED_SELECTOR = YES;
				GCC_WARN_UNINITIALIZED_AUTOS = YES_AGGRESSIVE;
				GCC_WARN_UNUSED_FUNCTION = YES;
				GCC_WARN_UNUSED_VARIABLE = YES;
				IPHONEOS_DEPLOYMENT_TARGET = 16.2;
				MTL_ENABLE_DEBUG_INFO = INCLUDE_SOURCE;
				MTL_FAST_MATH = YES;
				ONLY_ACTIVE_ARCH = YES;
				SDKROOT = iphoneos;
				SWIFT_ACTIVE_COMPILATION_CONDITIONS = DEBUG;
				SWIFT_OPTIMIZATION_LEVEL = "-Onone";
			};
			name = Debug;
		};
		9BFFD99C2A7E983A004C864F /* Release */ = {
			isa = XCBuildConfiguration;
			buildSettings = {
				ALWAYS_SEARCH_USER_PATHS = NO;
				CLANG_ANALYZER_NONNULL = YES;
				CLANG_ANALYZER_NUMBER_OBJECT_CONVERSION = YES_AGGRESSIVE;
				CLANG_CXX_LANGUAGE_STANDARD = "gnu++20";
				CLANG_ENABLE_MODULES = YES;
				CLANG_ENABLE_OBJC_ARC = YES;
				CLANG_ENABLE_OBJC_WEAK = YES;
				CLANG_WARN_BLOCK_CAPTURE_AUTORELEASING = YES;
				CLANG_WARN_BOOL_CONVERSION = YES;
				CLANG_WARN_COMMA = YES;
				CLANG_WARN_CONSTANT_CONVERSION = YES;
				CLANG_WARN_DEPRECATED_OBJC_IMPLEMENTATIONS = YES;
				CLANG_WARN_DIRECT_OBJC_ISA_USAGE = YES_ERROR;
				CLANG_WARN_DOCUMENTATION_COMMENTS = YES;
				CLANG_WARN_EMPTY_BODY = YES;
				CLANG_WARN_ENUM_CONVERSION = YES;
				CLANG_WARN_INFINITE_RECURSION = YES;
				CLANG_WARN_INT_CONVERSION = YES;
				CLANG_WARN_NON_LITERAL_NULL_CONVERSION = YES;
				CLANG_WARN_OBJC_IMPLICIT_RETAIN_SELF = YES;
				CLANG_WARN_OBJC_LITERAL_CONVERSION = YES;
				CLANG_WARN_OBJC_ROOT_CLASS = YES_ERROR;
				CLANG_WARN_QUOTED_INCLUDE_IN_FRAMEWORK_HEADER = YES;
				CLANG_WARN_RANGE_LOOP_ANALYSIS = YES;
				CLANG_WARN_STRICT_PROTOTYPES = YES;
				CLANG_WARN_SUSPICIOUS_MOVE = YES;
				CLANG_WARN_UNGUARDED_AVAILABILITY = YES_AGGRESSIVE;
				CLANG_WARN_UNREACHABLE_CODE = YES;
				CLANG_WARN__DUPLICATE_METHOD_MATCH = YES;
				COPY_PHASE_STRIP = NO;
				DEBUG_INFORMATION_FORMAT = "dwarf-with-dsym";
				ENABLE_NS_ASSERTIONS = NO;
				ENABLE_STRICT_OBJC_MSGSEND = YES;
				GCC_C_LANGUAGE_STANDARD = gnu11;
				GCC_NO_COMMON_BLOCKS = YES;
				GCC_WARN_64_TO_32_BIT_CONVERSION = YES;
				GCC_WARN_ABOUT_RETURN_TYPE = YES_ERROR;
				GCC_WARN_UNDECLARED_SELECTOR = YES;
				GCC_WARN_UNINITIALIZED_AUTOS = YES_AGGRESSIVE;
				GCC_WARN_UNUSED_FUNCTION = YES;
				GCC_WARN_UNUSED_VARIABLE = YES;
				IPHONEOS_DEPLOYMENT_TARGET = 16.2;
				MTL_ENABLE_DEBUG_INFO = NO;
				MTL_FAST_MATH = YES;
				SDKROOT = iphoneos;
				SWIFT_COMPILATION_MODE = wholemodule;
				SWIFT_OPTIMIZATION_LEVEL = "-O";
				VALIDATE_PRODUCT = YES;
			};
			name = Release;
		};
		9BFFD99E2A7E983A004C864F /* Debug */ = {
			isa = XCBuildConfiguration;
			buildSettings = {
				ASSETCATALOG_COMPILER_APPICON_NAME = AppIcon;
				ASSETCATALOG_COMPILER_GLOBAL_ACCENT_COLOR_NAME = AccentColor;
				CODE_SIGN_ENTITLEMENTS = TradingAlarm/TradingAlarm.entitlements;
				CODE_SIGN_STYLE = Automatic;
				CURRENT_PROJECT_VERSION = 5;
				DEVELOPMENT_TEAM = A489R7NNL3;
				GENERATE_INFOPLIST_FILE = YES;
				INFOPLIST_FILE = TradingAlarm/SupportingFiles/Info.plist;
				INFOPLIST_KEY_UIApplicationSupportsIndirectInputEvents = YES;
				INFOPLIST_KEY_UILaunchStoryboardName = LaunchScreen;
				INFOPLIST_KEY_UIMainStoryboardFile = Main;
				INFOPLIST_KEY_UISupportedInterfaceOrientations_iPad = "UIInterfaceOrientationPortrait UIInterfaceOrientationPortraitUpsideDown UIInterfaceOrientationLandscapeLeft UIInterfaceOrientationLandscapeRight";
				INFOPLIST_KEY_UISupportedInterfaceOrientations_iPhone = "UIInterfaceOrientationPortrait UIInterfaceOrientationLandscapeLeft UIInterfaceOrientationLandscapeRight";
				IPHONEOS_DEPLOYMENT_TARGET = 15.1;
				LD_RUNPATH_SEARCH_PATHS = (
					"$(inherited)",
					"@executable_path/Frameworks",
				);
				MARKETING_VERSION = 1.0;
				PRODUCT_BUNDLE_IDENTIFIER = com.jti.tradingalarm;
				PRODUCT_NAME = "$(TARGET_NAME)";
				SWIFT_EMIT_LOC_STRINGS = YES;
				SWIFT_VERSION = 5.0;
				TARGETED_DEVICE_FAMILY = "1,2";
			};
			name = Debug;
		};
		9BFFD99F2A7E983A004C864F /* Release */ = {
			isa = XCBuildConfiguration;
			buildSettings = {
				ASSETCATALOG_COMPILER_APPICON_NAME = AppIcon;
				ASSETCATALOG_COMPILER_GLOBAL_ACCENT_COLOR_NAME = AccentColor;
				CODE_SIGN_ENTITLEMENTS = TradingAlarm/TradingAlarm.entitlements;
				CODE_SIGN_STYLE = Automatic;
				CURRENT_PROJECT_VERSION = 5;
				DEVELOPMENT_TEAM = A489R7NNL3;
				GENERATE_INFOPLIST_FILE = YES;
				INFOPLIST_FILE = TradingAlarm/SupportingFiles/Info.plist;
				INFOPLIST_KEY_UIApplicationSupportsIndirectInputEvents = YES;
				INFOPLIST_KEY_UILaunchStoryboardName = LaunchScreen;
				INFOPLIST_KEY_UIMainStoryboardFile = Main;
				INFOPLIST_KEY_UISupportedInterfaceOrientations_iPad = "UIInterfaceOrientationPortrait UIInterfaceOrientationPortraitUpsideDown UIInterfaceOrientationLandscapeLeft UIInterfaceOrientationLandscapeRight";
				INFOPLIST_KEY_UISupportedInterfaceOrientations_iPhone = "UIInterfaceOrientationPortrait UIInterfaceOrientationLandscapeLeft UIInterfaceOrientationLandscapeRight";
				IPHONEOS_DEPLOYMENT_TARGET = 15.1;
				LD_RUNPATH_SEARCH_PATHS = (
					"$(inherited)",
					"@executable_path/Frameworks",
				);
				MARKETING_VERSION = 1.0;
				PRODUCT_BUNDLE_IDENTIFIER = com.jti.tradingalarm;
				PRODUCT_NAME = "$(TARGET_NAME)";
				SWIFT_EMIT_LOC_STRINGS = YES;
				SWIFT_VERSION = 5.0;
				TARGETED_DEVICE_FAMILY = "1,2";
			};
			name = Release;
		};
/* End XCBuildConfiguration section */

/* Begin XCConfigurationList section */
		9BDD1BD22A86FCDE00A34EFE /* Build configuration list for PBXNativeTarget "TradingAlarmTests" */ = {
			isa = XCConfigurationList;
			buildConfigurations = (
				9BDD1BD32A86FCDE00A34EFE /* Debug */,
				9BDD1BD42A86FCDE00A34EFE /* Release */,
			);
			defaultConfigurationIsVisible = 0;
			defaultConfigurationName = Release;
		};
		9BFFD9842A7E9838004C864F /* Build configuration list for PBXProject "TradingAlarm" */ = {
			isa = XCConfigurationList;
			buildConfigurations = (
				9BFFD99B2A7E983A004C864F /* Debug */,
				9BFFD99C2A7E983A004C864F /* Release */,
			);
			defaultConfigurationIsVisible = 0;
			defaultConfigurationName = Release;
		};
		9BFFD99D2A7E983A004C864F /* Build configuration list for PBXNativeTarget "TradingAlarm" */ = {
			isa = XCConfigurationList;
			buildConfigurations = (
				9BFFD99E2A7E983A004C864F /* Debug */,
				9BFFD99F2A7E983A004C864F /* Release */,
			);
			defaultConfigurationIsVisible = 0;
			defaultConfigurationName = Release;
		};
/* End XCConfigurationList section */
	};
	rootObject = 9BFFD9812A7E9838004C864F /* Project object */;
}
